
Microsoft Visual Studio Solution File, Format Version 12.00
# Visual Studio Version 17
VisualStudioVersion = 17.0.31903.59
MinimumVisualStudioVersion = 10.0.40219.1
Project("{FAE04EC0-301F-11D3-BF4B-00C04F79EFBC}") = "Entities", "Entities\Entities.csproj", "{F42C9CAC-F1E0-473B-B2EC-466B690BCCEB}"
EndProject
Project("{FAE04EC0-301F-11D3-BF4B-00C04F79EFBC}") = "DAL", "DAL\DAL.csproj", "{1172E339-8A6A-4EE1-99BD-E936513F8CF6}"
EndProject
Project("{FAE04EC0-301F-11D3-BF4B-00C04F79EFBC}") = "BackEnd", "BackEnd\BackEnd.csproj", "{4F21DA47-1C29-439F-8302-4C67A71D08BA}"
EndProject
Project("{FAE04EC0-301F-11D3-BF4B-00C04F79EFBC}") = "FrontEnd", "FrontEnd\FrontEnd.csproj", "{735D0972-1E87-4743-8CE0-C679181F82A9}"
EndProject
Global
	GlobalSection(SolutionConfigurationPlatforms) = preSolution
		Debug|Any CPU = Debug|Any CPU
		Release|Any CPU = Release|Any CPU
	EndGlobalSection
	GlobalSection(SolutionProperties) = preSolution
		HideSolutionNode = FALSE
	EndGlobalSection
	GlobalSection(ProjectConfigurationPlatforms) = postSolution
		{F42C9CAC-F1E0-473B-B2EC-466B690BCCEB}.Debug|Any CPU.ActiveCfg = Debug|Any CPU
		{F42C9CAC-F1E0-473B-B2EC-466B690BCCEB}.Debug|Any CPU.Build.0 = Debug|Any CPU
		{F42C9CAC-F1E0-473B-B2EC-466B690BCCEB}.Release|Any CPU.ActiveCfg = Release|Any CPU
		{F42C9CAC-F1E0-473B-B2EC-466B690BCCEB}.Release|Any CPU.Build.0 = Release|Any CPU
		{1172E339-8A6A-4EE1-99BD-E936513F8CF6}.Debug|Any CPU.ActiveCfg = Debug|Any CPU
		{1172E339-8A6A-4EE1-99BD-E936513F8CF6}.Debug|Any CPU.Build.0 = Debug|Any CPU
		{1172E339-8A6A-4EE1-99BD-E936513F8CF6}.Release|Any CPU.ActiveCfg = Release|Any CPU
		{1172E339-8A6A-4EE1-99BD-E936513F8CF6}.Release|Any CPU.Build.0 = Release|Any CPU
		{4F21DA47-1C29-439F-8302-4C67A71D08BA}.Debug|Any CPU.ActiveCfg = Debug|Any CPU
		{4F21DA47-1C29-439F-8302-4C67A71D08BA}.Debug|Any CPU.Build.0 = Debug|Any CPU
		{4F21DA47-1C29-439F-8302-4C67A71D08BA}.Release|Any CPU.ActiveCfg = Release|Any CPU
		{4F21DA47-1C29-439F-8302-4C67A71D08BA}.Release|Any CPU.Build.0 = Release|Any CPU
		{735D0972-1E87-4743-8CE0-C679181F82A9}.Debug|Any CPU.ActiveCfg = Debug|Any CPU
		{735D0972-1E87-4743-8CE0-C679181F82A9}.Debug|Any CPU.Build.0 = Debug|Any CPU
		{735D0972-1E87-4743-8CE0-C679181F82A9}.Release|Any CPU.ActiveCfg = Release|Any CPU
		{735D0972-1E87-4743-8CE0-C679181F82A9}.Release|Any CPU.Build.0 = Release|Any CPU
	EndGlobalSection
EndGlobal
